
Microsoft Visual Studio Solution File, Format Version 12.00
# Visual Studio Version 17
VisualStudioVersion = 17.14.36408.4 d17.14
MinimumVisualStudioVersion = 10.0.40219.1
Project("{FAE04EC0-301F-11D3-BF4B-00C04F79EFBC}") = "AviFy", "AviFy.csproj", "{29304A6F-B5E9-4BF6-A160-BF73D7BC72AD}"
EndProject
Global
	GlobalSection(SolutionConfigurationPlatforms) = preSolution
		Debug|Any CPU = Debug|Any CPU
		Release|Any CPU = Release|Any CPU
	EndGlobalSection
	GlobalSection(ProjectConfigurationPlatforms) = postSolution
		{29304A6F-B5E9-4BF6-A160-BF73D7BC72AD}.Debug|Any CPU.ActiveCfg = Debug|Any CPU
		{29304A6F-B5E9-4BF6-A160-BF73D7BC72AD}.Debug|Any CPU.Build.0 = Debug|Any CPU
		{29304A6F-B5E9-4BF6-A160-BF73D7BC72AD}.Release|Any CPU.ActiveCfg = Release|Any CPU
		{29304A6F-B5E9-4BF6-A160-BF73D7BC72AD}.Release|Any CPU.Build.0 = Release|Any CPU
	EndGlobalSection
	GlobalSection(SolutionProperties) = preSolution
		HideSolutionNode = FALSE
	EndGlobalSection
	GlobalSection(ExtensibilityGlobals) = postSolution
		SolutionGuid = {49A4CB6C-C62E-4EB5-831E-CB08BC771521}
	EndGlobalSection
EndGlobal
